
Microsoft Visual Studio Solution File, Format Version 12.00
# Visual Studio Version 16
VisualStudioVersion = 16.0.29911.84
MinimumVisualStudioVersion = 10.0.40219.1
Project("{FAE04EC0-301F-11D3-BF4B-00C04F79EFBC}") = "AdventOfCode2021", "AdventOfCode2021\AdventOfCode2021.csproj", "{137FCA2A-9425-4640-BF6F-C4F41BEADB8A}"
EndProject
Global
	GlobalSection(SolutionConfigurationPlatforms) = preSolution
		Debug|Any CPU = Debug|Any CPU
		Release|Any CPU = Release|Any CPU
	EndGlobalSection
	GlobalSection(ProjectConfigurationPlatforms) = postSolution
		{137FCA2A-9425-4640-BF6F-C4F41BEADB8A}.Debug|Any CPU.ActiveCfg = Debug|Any CPU
		{137FCA2A-9425-4640-BF6F-C4F41BEADB8A}.Debug|Any CPU.Build.0 = Debug|Any CPU
		{137FCA2A-9425-4640-BF6F-C4F41BEADB8A}.Release|Any CPU.ActiveCfg = Release|Any CPU
		{137FCA2A-9425-4640-BF6F-C4F41BEADB8A}.Release|Any CPU.Build.0 = Release|Any CPU
	EndGlobalSection
	GlobalSection(SolutionProperties) = preSolution
		HideSolutionNode = FALSE
	EndGlobalSection
	GlobalSection(ExtensibilityGlobals) = postSolution
		SolutionGuid = {BFF76533-E06B-4AB5-9623-F7C3BF30900E}
	EndGlobalSection
EndGlobal
